
Microsoft Visual Studio Solution File, Format Version 12.00
# Visual Studio Version 16
VisualStudioVersion = 16.0.29806.167
MinimumVisualStudioVersion = 10.0.40219.1
Project("{FAE04EC0-301F-11D3-BF4B-00C04F79EFBC}") = "Restaurant_Rater", "Restaurant_Rater\Restaurant_Rater.csproj", "{12305421-8E67-4089-934C-AFCE153F9CCE}"
EndProject
Global
	GlobalSection(SolutionConfigurationPlatforms) = preSolution
		Debug|Any CPU = Debug|Any CPU
		Release|Any CPU = Release|Any CPU
	EndGlobalSection
	GlobalSection(ProjectConfigurationPlatforms) = postSolution
		{12305421-8E67-4089-934C-AFCE153F9CCE}.Debug|Any CPU.ActiveCfg = Debug|Any CPU
		{12305421-8E67-4089-934C-AFCE153F9CCE}.Debug|Any CPU.Build.0 = Debug|Any CPU
		{12305421-8E67-4089-934C-AFCE153F9CCE}.Release|Any CPU.ActiveCfg = Release|Any CPU
		{12305421-8E67-4089-934C-AFCE153F9CCE}.Release|Any CPU.Build.0 = Release|Any CPU
	EndGlobalSection
	GlobalSection(SolutionProperties) = preSolution
		HideSolutionNode = FALSE
	EndGlobalSection
	GlobalSection(ExtensibilityGlobals) = postSolution
		SolutionGuid = {9A22AF06-7FB3-4338-B05C-A7BECCDFD236}
	EndGlobalSection
EndGlobal
